
Microsoft Visual Studio Solution File, Format Version 12.00
# Visual Studio Version 17
VisualStudioVersion = 17.2.32901.213
MinimumVisualStudioVersion = 10.0.40219.1
Project("{2150E333-8FDC-42A3-9474-1A3956D46DE8}") = "API", "API", "{97CADCB9-EECA-4A53-BE9C-58D25C3A64F0}"
EndProject
Project("{2150E333-8FDC-42A3-9474-1A3956D46DE8}") = "BuildingBlocks", "BuildingBlocks", "{A20ACD48-17B9-45C4-9117-EDB2DCF2469C}"
EndProject
Project("{2150E333-8FDC-42A3-9474-1A3956D46DE8}") = "Database", "Database", "{6976C0CC-6D7F-41F8-BFE4-34CBA87B8FF0}"
EndProject
Project("{2150E333-8FDC-42A3-9474-1A3956D46DE8}") = "Modules", "Modules", "{341BBD33-5BBD-4C58-9EDC-520858B4FE76}"
EndProject
Project("{2150E333-8FDC-42A3-9474-1A3956D46DE8}") = "Tests", "Tests", "{4C6AF0A8-6332-4ADD-B9CC-7E4B1B841D49}"
EndProject
Project("{FAE04EC0-301F-11D3-BF4B-00C04F79EFBC}") = "SQLBulkInsert.User.Api", "SQLBulkInsert.User.Api\SQLBulkInsert.User.Api.csproj", "{2AC88D40-6493-4C1C-B222-08C1CBF82A23}"
EndProject
Project("{2150E333-8FDC-42A3-9474-1A3956D46DE8}") = "Application", "Application", "{AE5EE089-FA89-404D-B3D2-768C60CA4895}"
EndProject
Project("{2150E333-8FDC-42A3-9474-1A3956D46DE8}") = "Domain", "Domain", "{7F2C8384-B64B-4788-839D-9E8507457A13}"
EndProject
Project("{2150E333-8FDC-42A3-9474-1A3956D46DE8}") = "Infrastructure", "Infrastructure", "{CE5942CE-DDA8-4DA4-A17B-DA87BA139CFA}"
EndProject
Project("{2150E333-8FDC-42A3-9474-1A3956D46DE8}") = "Tests", "Tests", "{45C74217-C750-4616-9F89-BB1CB14C01CA}"
EndProject
Project("{2150E333-8FDC-42A3-9474-1A3956D46DE8}") = "SQLBulkInsert.Users.Database.build", "SQLBulkInsert.Users.Database.build", "{FC5D55F6-1407-490D-87D2-122FE91E3787}"
EndProject
Project("{2150E333-8FDC-42A3-9474-1A3956D46DE8}") = "SQLBulkInsert.Users.Database", "SQLBulkInsert.Users.Database", "{C72CF6FC-F86F-4BEE-B797-5042ACDABBDB}"
EndProject
Project("{2150E333-8FDC-42A3-9474-1A3956D46DE8}") = "DatabaseMigrator", "DatabaseMigrator", "{66BA0DB2-EFF2-4844-9942-FAA7BE1B8450}"
EndProject
Project("{2150E333-8FDC-42A3-9474-1A3956D46DE8}") = "Users", "Users", "{149F0703-BC65-41CC-8A38-496FF73E0210}"
EndProject
Project("{FAE04EC0-301F-11D3-BF4B-00C04F79EFBC}") = "SQLBulkInsert.BuildingBlocks.Domain", "SQLBulkInsert.Users.Domain\SQLBulkInsert.BuildingBlocks.Domain.csproj", "{A007FEBE-4377-443E-99A4-B89A1914FAFB}"
EndProject
Project("{FAE04EC0-301F-11D3-BF4B-00C04F79EFBC}") = "SQLBulkInsert.BuildingBlocks.Application", "SQLBulkInsert.BuildingBlocks.Application\SQLBulkInsert.BuildingBlocks.Application.csproj", "{2C7AE6B9-47FF-4BE5-915E-20EA588998CE}"
EndProject
Global
	GlobalSection(SolutionConfigurationPlatforms) = preSolution
		Debug|Any CPU = Debug|Any CPU
		Release|Any CPU = Release|Any CPU
	EndGlobalSection
	GlobalSection(ProjectConfigurationPlatforms) = postSolution
		{2AC88D40-6493-4C1C-B222-08C1CBF82A23}.Debug|Any CPU.ActiveCfg = Debug|Any CPU
		{2AC88D40-6493-4C1C-B222-08C1CBF82A23}.Debug|Any CPU.Build.0 = Debug|Any CPU
		{2AC88D40-6493-4C1C-B222-08C1CBF82A23}.Release|Any CPU.ActiveCfg = Release|Any CPU
		{2AC88D40-6493-4C1C-B222-08C1CBF82A23}.Release|Any CPU.Build.0 = Release|Any CPU
		{A007FEBE-4377-443E-99A4-B89A1914FAFB}.Debug|Any CPU.ActiveCfg = Debug|Any CPU
		{A007FEBE-4377-443E-99A4-B89A1914FAFB}.Debug|Any CPU.Build.0 = Debug|Any CPU
		{A007FEBE-4377-443E-99A4-B89A1914FAFB}.Release|Any CPU.ActiveCfg = Release|Any CPU
		{A007FEBE-4377-443E-99A4-B89A1914FAFB}.Release|Any CPU.Build.0 = Release|Any CPU
		{2C7AE6B9-47FF-4BE5-915E-20EA588998CE}.Debug|Any CPU.ActiveCfg = Debug|Any CPU
		{2C7AE6B9-47FF-4BE5-915E-20EA588998CE}.Debug|Any CPU.Build.0 = Debug|Any CPU
		{2C7AE6B9-47FF-4BE5-915E-20EA588998CE}.Release|Any CPU.ActiveCfg = Release|Any CPU
		{2C7AE6B9-47FF-4BE5-915E-20EA588998CE}.Release|Any CPU.Build.0 = Release|Any CPU
	EndGlobalSection
	GlobalSection(SolutionProperties) = preSolution
		HideSolutionNode = FALSE
	EndGlobalSection
	GlobalSection(NestedProjects) = preSolution
		{2AC88D40-6493-4C1C-B222-08C1CBF82A23} = {97CADCB9-EECA-4A53-BE9C-58D25C3A64F0}
		{AE5EE089-FA89-404D-B3D2-768C60CA4895} = {A20ACD48-17B9-45C4-9117-EDB2DCF2469C}
		{7F2C8384-B64B-4788-839D-9E8507457A13} = {A20ACD48-17B9-45C4-9117-EDB2DCF2469C}
		{CE5942CE-DDA8-4DA4-A17B-DA87BA139CFA} = {A20ACD48-17B9-45C4-9117-EDB2DCF2469C}
		{45C74217-C750-4616-9F89-BB1CB14C01CA} = {A20ACD48-17B9-45C4-9117-EDB2DCF2469C}
		{FC5D55F6-1407-490D-87D2-122FE91E3787} = {6976C0CC-6D7F-41F8-BFE4-34CBA87B8FF0}
		{C72CF6FC-F86F-4BEE-B797-5042ACDABBDB} = {6976C0CC-6D7F-41F8-BFE4-34CBA87B8FF0}
		{66BA0DB2-EFF2-4844-9942-FAA7BE1B8450} = {6976C0CC-6D7F-41F8-BFE4-34CBA87B8FF0}
		{149F0703-BC65-41CC-8A38-496FF73E0210} = {341BBD33-5BBD-4C58-9EDC-520858B4FE76}
		{A007FEBE-4377-443E-99A4-B89A1914FAFB} = {7F2C8384-B64B-4788-839D-9E8507457A13}
		{2C7AE6B9-47FF-4BE5-915E-20EA588998CE} = {AE5EE089-FA89-404D-B3D2-768C60CA4895}
	EndGlobalSection
	GlobalSection(ExtensibilityGlobals) = postSolution
		SolutionGuid = {DB81CBEC-6E1A-43A4-ADF9-B8B47EFFD408}
	EndGlobalSection
EndGlobal
